// !$*UTF8*$!
{
	archiveVersion = 1;
	classes = {
	};
	objectVersion = 56;
	objects = {

/* Begin PBXBuildFile section */
		67E57F492FE741E0006617B0 /* GoogleSignIn in Frameworks */ = {isa = PBXBuildFile; productRef = 67E57F482FE741E0006617B0 /* GoogleSignIn */; };
		8A0000012C9B410100000001 /* ArchetypeApp.swift in Sources */ = {isa = PBXBuildFile; fileRef = 8A0000022C9B410100000001 /* ArchetypeApp.swift */; };
		8A0000032C9B410100000001 /* AppConfig.swift in Sources */ = {isa = PBXBuildFile; fileRef = 8A0000042C9B410100000001 /* AppConfig.swift */; };
		8A0000052C9B410100000001 /* Models.swift in Sources */ = {isa = PBXBuildFile; fileRef = 8A0000062C9B410100000001 /* Models.swift */; };
		8A0000072C9B410100000001 /* APIClient.swift in Sources */ = {isa = PBXBuildFile; fileRef = 8A0000082C9B410100000001 /* APIClient.swift */; };
		8A0000092C9B410100000001 /* KeychainStore.swift in Sources */ = {isa = PBXBuildFile; fileRef = 8A00000A2C9B410100000001 /* KeychainStore.swift */; };
		8A00000B2C9B410100000001 /* AuthStore.swift in Sources */ = {isa = PBXBuildFile; fileRef = 8A00000C2C9B410100000001 /* AuthStore.swift */; };
		8A00000D2C9B410100000001 /* DrawTwoWebSocket.swift in Sources */ = {isa = PBXBuildFile; fileRef = 8A00000E2C9B410100000001 /* DrawTwoWebSocket.swift */; };
		8A00000F2C9B410100000001 /* RootView.swift in Sources */ = {isa = PBXBuildFile; fileRef = 8A0000102C9B410100000001 /* RootView.swift */; };
		8A0000112C9B410100000001 /* LoginView.swift in Sources */ = {isa = PBXBuildFile; fileRef = 8A0000122C9B410100000001 /* LoginView.swift */; };
		8A0000132C9B410100000001 /* DashboardView.swift in Sources */ = {isa = PBXBuildFile; fileRef = 8A0000142C9B410100000001 /* DashboardView.swift */; };
		8A0000152C9B410100000001 /* GameDetailView.swift in Sources */ = {isa = PBXBuildFile; fileRef = 8A0000162C9B410100000001 /* GameDetailView.swift */; };
		8A0000172C9B410100000001 /* DesignSystem.swift in Sources */ = {isa = PBXBuildFile; fileRef = 8A0000182C9B410100000001 /* DesignSystem.swift */; };
		8A0000192C9B410100000001 /* CollectionView.swift in Sources */ = {isa = PBXBuildFile; fileRef = 8A00001A2C9B410100000001 /* CollectionView.swift */; };
		8A00001B2C9B410100000001 /* GamesHistoryView.swift in Sources */ = {isa = PBXBuildFile; fileRef = 8A00001C2C9B410100000001 /* GamesHistoryView.swift */; };
		8A00001D2C9B410100000001 /* LeaderboardView.swift in Sources */ = {isa = PBXBuildFile; fileRef = 8A00001E2C9B410100000001 /* LeaderboardView.swift */; };
		8A00001F2C9B410100000001 /* DeckDetailView.swift in Sources */ = {isa = PBXBuildFile; fileRef = 8A0000302C9B410100000001 /* DeckDetailView.swift */; };
		8A0000332C9B410100000001 /* FriendsView.swift in Sources */ = {isa = PBXBuildFile; fileRef = 8A0000342C9B410100000001 /* FriendsView.swift */; };
		8A0000352C9B410100000001 /* ProfileView.swift in Sources */ = {isa = PBXBuildFile; fileRef = 8A0000362C9B410100000001 /* ProfileView.swift */; };
		8A0000372C9B410100000001 /* RankedQueueView.swift in Sources */ = {isa = PBXBuildFile; fileRef = 8A0000382C9B410100000001 /* RankedQueueView.swift */; };
		8A0000392C9B410100000001 /* HowToView.swift in Sources */ = {isa = PBXBuildFile; fileRef = 8A00003A2C9B410100000001 /* HowToView.swift */; };
		8A00003B2C9B410100000001 /* FontRegistry.swift in Sources */ = {isa = PBXBuildFile; fileRef = 8A00003C2C9B410100000001 /* FontRegistry.swift */; };
		8A00003D2C9B410100000001 /* Cinzel.ttf in Resources */ = {isa = PBXBuildFile; fileRef = 8A00003E2C9B410100000001 /* Cinzel.ttf */; };
		8A00003F2C9B410100000001 /* Inter.ttf in Resources */ = {isa = PBXBuildFile; fileRef = 8A0000402C9B410100000001 /* Inter.ttf */; };
		8A0000432C9B410100000001 /* drawtwo_logo.png in Resources */ = {isa = PBXBuildFile; fileRef = 8A0000442C9B410100000001 /* drawtwo_logo.png */; };
		8A0000452C9B410100000001 /* Assets.xcassets in Resources */ = {isa = PBXBuildFile; fileRef = 8A0000462C9B410100000001 /* Assets.xcassets */; };
		8A0000492C9B410100000001 /* PushNotificationManager.swift in Sources */ = {isa = PBXBuildFile; fileRef = 8A00004A2C9B410100000001 /* PushNotificationManager.swift */; };
		8A00004B2C9B410100000001 /* CachedRemoteImage.swift in Sources */ = {isa = PBXBuildFile; fileRef = 8A00004C2C9B410100000001 /* CachedRemoteImage.swift */; };
		8A00004D2C9B410100000001 /* PrivacyInfo.xcprivacy in Resources */ = {isa = PBXBuildFile; fileRef = 8A00004E2C9B410100000001 /* PrivacyInfo.xcprivacy */; };
/* End PBXBuildFile section */

/* Begin PBXFileReference section */
		8A0000022C9B410100000001 /* ArchetypeApp.swift */ = {isa = PBXFileReference; lastKnownFileType = sourcecode.swift; path = ArchetypeApp.swift; sourceTree = "<group>"; };
		8A0000042C9B410100000001 /* AppConfig.swift */ = {isa = PBXFileReference; lastKnownFileType = sourcecode.swift; path = AppConfig.swift; sourceTree = "<group>"; };
		8A0000062C9B410100000001 /* Models.swift */ = {isa = PBXFileReference; lastKnownFileType = sourcecode.swift; path = Models.swift; sourceTree = "<group>"; };
		8A0000082C9B410100000001 /* APIClient.swift */ = {isa = PBXFileReference; lastKnownFileType = sourcecode.swift; path = APIClient.swift; sourceTree = "<group>"; };
		8A00000A2C9B410100000001 /* KeychainStore.swift */ = {isa = PBXFileReference; lastKnownFileType = sourcecode.swift; path = KeychainStore.swift; sourceTree = "<group>"; };
		8A00000C2C9B410100000001 /* AuthStore.swift */ = {isa = PBXFileReference; lastKnownFileType = sourcecode.swift; path = AuthStore.swift; sourceTree = "<group>"; };
		8A00000E2C9B410100000001 /* DrawTwoWebSocket.swift */ = {isa = PBXFileReference; lastKnownFileType = sourcecode.swift; path = DrawTwoWebSocket.swift; sourceTree = "<group>"; };
		8A0000102C9B410100000001 /* RootView.swift */ = {isa = PBXFileReference; lastKnownFileType = sourcecode.swift; path = RootView.swift; sourceTree = "<group>"; };
		8A0000122C9B410100000001 /* LoginView.swift */ = {isa = PBXFileReference; lastKnownFileType = sourcecode.swift; path = LoginView.swift; sourceTree = "<group>"; };
		8A0000142C9B410100000001 /* DashboardView.swift */ = {isa = PBXFileReference; lastKnownFileType = sourcecode.swift; path = DashboardView.swift; sourceTree = "<group>"; };
		8A0000162C9B410100000001 /* GameDetailView.swift */ = {isa = PBXFileReference; lastKnownFileType = sourcecode.swift; path = GameDetailView.swift; sourceTree = "<group>"; };
		8A0000182C9B410100000001 /* DesignSystem.swift */ = {isa = PBXFileReference; lastKnownFileType = sourcecode.swift; path = DesignSystem.swift; sourceTree = "<group>"; };
		8A00001A2C9B410100000001 /* CollectionView.swift */ = {isa = PBXFileReference; lastKnownFileType = sourcecode.swift; path = CollectionView.swift; sourceTree = "<group>"; };
		8A00001C2C9B410100000001 /* GamesHistoryView.swift */ = {isa = PBXFileReference; lastKnownFileType = sourcecode.swift; path = GamesHistoryView.swift; sourceTree = "<group>"; };
		8A00001E2C9B410100000001 /* LeaderboardView.swift */ = {isa = PBXFileReference; lastKnownFileType = sourcecode.swift; path = LeaderboardView.swift; sourceTree = "<group>"; };
		8A0000202C9B410100000001 /* Archetype.app */ = {isa = PBXFileReference; explicitFileType = wrapper.application; includeInIndex = 0; path = Archetype.app; sourceTree = BUILT_PRODUCTS_DIR; };
		8A0000302C9B410100000001 /* DeckDetailView.swift */ = {isa = PBXFileReference; lastKnownFileType = sourcecode.swift; path = DeckDetailView.swift; sourceTree = "<group>"; };
		8A0000342C9B410100000001 /* FriendsView.swift */ = {isa = PBXFileReference; lastKnownFileType = sourcecode.swift; path = FriendsView.swift; sourceTree = "<group>"; };
		8A0000362C9B410100000001 /* ProfileView.swift */ = {isa = PBXFileReference; lastKnownFileType = sourcecode.swift; path = ProfileView.swift; sourceTree = "<group>"; };
		8A0000382C9B410100000001 /* RankedQueueView.swift */ = {isa = PBXFileReference; lastKnownFileType = sourcecode.swift; path = RankedQueueView.swift; sourceTree = "<group>"; };
		8A00003A2C9B410100000001 /* HowToView.swift */ = {isa = PBXFileReference; lastKnownFileType = sourcecode.swift; path = HowToView.swift; sourceTree = "<group>"; };
		8A00003C2C9B410100000001 /* FontRegistry.swift */ = {isa = PBXFileReference; lastKnownFileType = sourcecode.swift; path = FontRegistry.swift; sourceTree = "<group>"; };
		8A00003E2C9B410100000001 /* Cinzel.ttf */ = {isa = PBXFileReference; lastKnownFileType = file; path = Cinzel.ttf; sourceTree = "<group>"; };
		8A0000402C9B410100000001 /* Inter.ttf */ = {isa = PBXFileReference; lastKnownFileType = file; path = Inter.ttf; sourceTree = "<group>"; };
		8A0000422C9B410100000001 /* Info.plist */ = {isa = PBXFileReference; lastKnownFileType = text.plist.xml; path = Info.plist; sourceTree = "<group>"; };
		8A0000442C9B410100000001 /* drawtwo_logo.png */ = {isa = PBXFileReference; lastKnownFileType = image.png; path = drawtwo_logo.png; sourceTree = "<group>"; };
		8A0000462C9B410100000001 /* Assets.xcassets */ = {isa = PBXFileReference; lastKnownFileType = folder.assetcatalog; path = Assets.xcassets; sourceTree = "<group>"; };
		8A0000472C9B410100000001 /* Archetype.entitlements */ = {isa = PBXFileReference; lastKnownFileType = text.plist.entitlements; path = Archetype.entitlements; sourceTree = "<group>"; };
		8A00004A2C9B410100000001 /* PushNotificationManager.swift */ = {isa = PBXFileReference; lastKnownFileType = sourcecode.swift; path = PushNotificationManager.swift; sourceTree = "<group>"; };
		8A00004C2C9B410100000001 /* CachedRemoteImage.swift */ = {isa = PBXFileReference; lastKnownFileType = sourcecode.swift; path = CachedRemoteImage.swift; sourceTree = "<group>"; };
		8A00004E2C9B410100000001 /* PrivacyInfo.xcprivacy */ = {isa = PBXFileReference; lastKnownFileType = text.plist.xml; path = PrivacyInfo.xcprivacy; sourceTree = "<group>"; };
/* End PBXFileReference section */

/* Begin PBXFrameworksBuildPhase section */
		8A0000212C9B410100000001 /* Frameworks */ = {
			isa = PBXFrameworksBuildPhase;
			buildActionMask = 2147483647;
			files = (
				67E57F492FE741E0006617B0 /* GoogleSignIn in Frameworks */,
			);
			runOnlyForDeploymentPostprocessing = 0;
		};
/* End PBXFrameworksBuildPhase section */

/* Begin PBXGroup section */
		8A0000222C9B410100000001 = {
			isa = PBXGroup;
			children = (
				8A0000232C9B410100000001 /* Archetype */,
				8A0000242C9B410100000001 /* Products */,
			);
			sourceTree = "<group>";
		};
		8A0000232C9B410100000001 /* Archetype */ = {
			isa = PBXGroup;
			children = (
				8A0000022C9B410100000001 /* ArchetypeApp.swift */,
				8A0000422C9B410100000001 /* Info.plist */,
				8A00004E2C9B410100000001 /* PrivacyInfo.xcprivacy */,
				8A0000472C9B410100000001 /* Archetype.entitlements */,
				8A0000462C9B410100000001 /* Assets.xcassets */,
				8A0000442C9B410100000001 /* drawtwo_logo.png */,
				8A0000042C9B410100000001 /* AppConfig.swift */,
				8A0000062C9B410100000001 /* Models.swift */,
				8A0000082C9B410100000001 /* APIClient.swift */,
				8A00000A2C9B410100000001 /* KeychainStore.swift */,
				8A00000C2C9B410100000001 /* AuthStore.swift */,
				8A00000E2C9B410100000001 /* DrawTwoWebSocket.swift */,
				8A00004A2C9B410100000001 /* PushNotificationManager.swift */,
				8A00004C2C9B410100000001 /* CachedRemoteImage.swift */,
				8A0000182C9B410100000001 /* DesignSystem.swift */,
				8A00003C2C9B410100000001 /* FontRegistry.swift */,
				8A0000412C9B410100000001 /* Fonts */,
				8A0000102C9B410100000001 /* RootView.swift */,
				8A0000122C9B410100000001 /* LoginView.swift */,
				8A0000142C9B410100000001 /* DashboardView.swift */,
				8A00001A2C9B410100000001 /* CollectionView.swift */,
				8A0000302C9B410100000001 /* DeckDetailView.swift */,
				8A00001C2C9B410100000001 /* GamesHistoryView.swift */,
				8A00001E2C9B410100000001 /* LeaderboardView.swift */,
				8A0000342C9B410100000001 /* FriendsView.swift */,
				8A0000362C9B410100000001 /* ProfileView.swift */,
				8A0000382C9B410100000001 /* RankedQueueView.swift */,
				8A00003A2C9B410100000001 /* HowToView.swift */,
				8A0000162C9B410100000001 /* GameDetailView.swift */,
			);
			path = Archetype;
			sourceTree = "<group>";
		};
		8A0000242C9B410100000001 /* Products */ = {
			isa = PBXGroup;
			children = (
				8A0000202C9B410100000001 /* Archetype.app */,
			);
			name = Products;
			sourceTree = "<group>";
		};
		8A0000412C9B410100000001 /* Fonts */ = {
			isa = PBXGroup;
			children = (
				8A00003E2C9B410100000001 /* Cinzel.ttf */,
				8A0000402C9B410100000001 /* Inter.ttf */,
			);
			path = Fonts;
			sourceTree = "<group>";
		};
/* End PBXGroup section */

/* Begin PBXNativeTarget section */
		8A0000252C9B410100000001 /* Archetype */ = {
			isa = PBXNativeTarget;
			buildConfigurationList = 8A0000262C9B410100000001 /* Build configuration list for PBXNativeTarget "Archetype" */;
			buildPhases = (
				8A0000272C9B410100000001 /* Sources */,
				8A0000212C9B410100000001 /* Frameworks */,
				8A0000282C9B410100000001 /* Resources */,
			);
			buildRules = (
			);
			dependencies = (
			);
			name = Archetype;
			productName = Archetype;
			productReference = 8A0000202C9B410100000001 /* Archetype.app */;
			productType = "com.apple.product-type.application";
		};
/* End PBXNativeTarget section */

/* Begin PBXProject section */
		8A0000292C9B410100000001 /* Project object */ = {
			isa = PBXProject;
			attributes = {
				BuildIndependentTargetsInParallel = 1;
				LastSwiftUpdateCheck = 1630;
				LastUpgradeCheck = 1630;
				TargetAttributes = {
					8A0000252C9B410100000001 = {
						CreatedOnToolsVersion = 16.3;
					};
				};
			};
			buildConfigurationList = 8A00002A2C9B410100000001 /* Build configuration list for PBXProject "Archetype" */;
			compatibilityVersion = "Xcode 14.0";
			developmentRegion = en;
			hasScannedForEncodings = 0;
			knownRegions = (
				en,
				Base,
			);
			mainGroup = 8A0000222C9B410100000001;
			packageReferences = (
				67E57F472FE741E0006617B0 /* XCRemoteSwiftPackageReference "GoogleSignIn-iOS" */,
			);
			productRefGroup = 8A0000242C9B410100000001 /* Products */;
			projectDirPath = "";
			projectRoot = "";
			targets = (
				8A0000252C9B410100000001 /* Archetype */,
			);
		};
/* End PBXProject section */

/* Begin PBXResourcesBuildPhase section */
		8A0000282C9B410100000001 /* Resources */ = {
			isa = PBXResourcesBuildPhase;
			buildActionMask = 2147483647;
			files = (
				8A0000452C9B410100000001 /* Assets.xcassets in Resources */,
				8A00003D2C9B410100000001 /* Cinzel.ttf in Resources */,
				8A00003F2C9B410100000001 /* Inter.ttf in Resources */,
				8A0000432C9B410100000001 /* drawtwo_logo.png in Resources */,
				8A00004D2C9B410100000001 /* PrivacyInfo.xcprivacy in Resources */,
			);
			runOnlyForDeploymentPostprocessing = 0;
		};
/* End PBXResourcesBuildPhase section */

/* Begin PBXSourcesBuildPhase section */
		8A0000272C9B410100000001 /* Sources */ = {
			isa = PBXSourcesBuildPhase;
			buildActionMask = 2147483647;
			files = (
				8A0000012C9B410100000001 /* ArchetypeApp.swift in Sources */,
				8A0000032C9B410100000001 /* AppConfig.swift in Sources */,
				8A0000052C9B410100000001 /* Models.swift in Sources */,
				8A0000072C9B410100000001 /* APIClient.swift in Sources */,
				8A0000092C9B410100000001 /* KeychainStore.swift in Sources */,
				8A00000B2C9B410100000001 /* AuthStore.swift in Sources */,
				8A00000D2C9B410100000001 /* DrawTwoWebSocket.swift in Sources */,
				8A0000492C9B410100000001 /* PushNotificationManager.swift in Sources */,
				8A00004B2C9B410100000001 /* CachedRemoteImage.swift in Sources */,
				8A0000172C9B410100000001 /* DesignSystem.swift in Sources */,
				8A00003B2C9B410100000001 /* FontRegistry.swift in Sources */,
				8A00000F2C9B410100000001 /* RootView.swift in Sources */,
				8A0000112C9B410100000001 /* LoginView.swift in Sources */,
				8A0000132C9B410100000001 /* DashboardView.swift in Sources */,
				8A0000192C9B410100000001 /* CollectionView.swift in Sources */,
				8A00001F2C9B410100000001 /* DeckDetailView.swift in Sources */,
				8A00001B2C9B410100000001 /* GamesHistoryView.swift in Sources */,
				8A00001D2C9B410100000001 /* LeaderboardView.swift in Sources */,
				8A0000332C9B410100000001 /* FriendsView.swift in Sources */,
				8A0000352C9B410100000001 /* ProfileView.swift in Sources */,
				8A0000372C9B410100000001 /* RankedQueueView.swift in Sources */,
				8A0000392C9B410100000001 /* HowToView.swift in Sources */,
				8A0000152C9B410100000001 /* GameDetailView.swift in Sources */,
			);
			runOnlyForDeploymentPostprocessing = 0;
		};
/* End PBXSourcesBuildPhase section */

/* Begin XCBuildConfiguration section */
		8A00002B2C9B410100000001 /* Debug */ = {
			isa = XCBuildConfiguration;
			buildSettings = {
				ALWAYS_SEARCH_USER_PATHS = NO;
				CLANG_ANALYZER_NONNULL = YES;
				CLANG_ANALYZER_NUMBER_OBJECT_CONVERSION_AGGRESSIVE = YES_AGGRESSIVE;
				CLANG_CXX_LANGUAGE_STANDARD = "gnu++20";
				CLANG_ENABLE_MODULES = YES;
				CLANG_ENABLE_OBJC_ARC = YES;
				CLANG_ENABLE_OBJC_WEAK = YES;
				CLANG_WARN_BLOCK_CAPTURE_AUTORELEASING = YES;
				CLANG_WARN_BOOL_CONVERSION = YES;
				CLANG_WARN_COMMA = YES;
				CLANG_WARN_CONSTANT_CONVERSION = YES;
				CLANG_WARN_DEPRECATED_OBJC_IMPLEMENTATIONS = YES;
				CLANG_WARN_DIRECT_OBJC_ISA_USAGE = YES_ERROR;
				CLANG_WARN_DOCUMENTATION_COMMENTS = YES;
				CLANG_WARN_EMPTY_BODY = YES;
				CLANG_WARN_ENUM_CONVERSION = YES;
				CLANG_WARN_INFINITE_RECURSION = YES;
				CLANG_WARN_INT_CONVERSION = YES;
				CLANG_WARN_NON_LITERAL_NULL_CONVERSION = YES;
				CLANG_WARN_OBJC_IMPLICIT_RETAIN_SELF = YES;
				CLANG_WARN_OBJC_LITERAL_CONVERSION = YES;
				CLANG_WARN_OBJC_ROOT_CLASS = YES_ERROR;
				CLANG_WARN_QUOTED_INCLUDE_IN_FRAMEWORK_HEADER = YES;
				CLANG_WARN_RANGE_LOOP_ANALYSIS = YES;
				CLANG_WARN_STRICT_PROTOTYPES = YES;
				CLANG_WARN_SUSPICIOUS_MOVE = YES;
				CLANG_WARN_UNGUARDED_AVAILABILITY = YES_AGGRESSIVE;
				CLANG_WARN_UNREACHABLE_CODE = YES;
				CLANG_WARN__DUPLICATE_METHOD_MATCH = YES;
				COPY_PHASE_STRIP = NO;
				DEBUG_INFORMATION_FORMAT = dwarf;
				ENABLE_STRICT_OBJC_MSGSEND = YES;
				ENABLE_TESTABILITY = YES;
				GCC_C_LANGUAGE_STANDARD = gnu17;
				GCC_DYNAMIC_NO_PIC = NO;
				GCC_NO_COMMON_BLOCKS = YES;
				GCC_OPTIMIZATION_LEVEL = 0;
				GCC_PREPROCESSOR_DEFINITIONS = (
					"DEBUG=1",
					"$(inherited)",
				);
				GCC_WARN_64_TO_32_BIT_CONVERSION = YES;
				GCC_WARN_ABOUT_RETURN_TYPE = YES_ERROR;
				GCC_WARN_UNDECLARED_SELECTOR = YES;
				GCC_WARN_UNINITIALIZED_AUTOS = YES_AGGRESSIVE;
				GCC_WARN_UNUSED_FUNCTION = YES;
				GCC_WARN_UNUSED_VARIABLE = YES;
				IPHONEOS_DEPLOYMENT_TARGET = 17.0;
				MTL_ENABLE_DEBUG_INFO = INCLUDE_SOURCE;
				MTL_FAST_MATH = YES;
				ONLY_ACTIVE_ARCH = YES;
				SDKROOT = iphoneos;
				SWIFT_ACTIVE_COMPILATION_CONDITIONS = DEBUG;
				SWIFT_OPTIMIZATION_LEVEL = "-Onone";
			};
			name = Debug;
		};
		8A00002C2C9B410100000001 /* Release */ = {
			isa = XCBuildConfiguration;
			buildSettings = {
				ALWAYS_SEARCH_USER_PATHS = NO;
				CLANG_ANALYZER_NONNULL = YES;
				CLANG_ANALYZER_NUMBER_OBJECT_CONVERSION_AGGRESSIVE = YES_AGGRESSIVE;
				CLANG_CXX_LANGUAGE_STANDARD = "gnu++20";
				CLANG_ENABLE_MODULES = YES;
				CLANG_ENABLE_OBJC_ARC = YES;
				CLANG_ENABLE_OBJC_WEAK = YES;
				CLANG_WARN_BLOCK_CAPTURE_AUTORELEASING = YES;
				CLANG_WARN_BOOL_CONVERSION = YES;
				CLANG_WARN_COMMA = YES;
				CLANG_WARN_CONSTANT_CONVERSION = YES;
				CLANG_WARN_DEPRECATED_OBJC_IMPLEMENTATIONS = YES;
				CLANG_WARN_DIRECT_OBJC_ISA_USAGE = YES_ERROR;
				CLANG_WARN_DOCUMENTATION_COMMENTS = YES;
				CLANG_WARN_EMPTY_BODY = YES;
				CLANG_WARN_ENUM_CONVERSION = YES;
				CLANG_WARN_INFINITE_RECURSION = YES;
				CLANG_WARN_INT_CONVERSION = YES;
				CLANG_WARN_NON_LITERAL_NULL_CONVERSION = YES;
				CLANG_WARN_OBJC_IMPLICIT_RETAIN_SELF = YES;
				CLANG_WARN_OBJC_LITERAL_CONVERSION = YES;
				CLANG_WARN_OBJC_ROOT_CLASS = YES_ERROR;
				CLANG_WARN_QUOTED_INCLUDE_IN_FRAMEWORK_HEADER = YES;
				CLANG_WARN_RANGE_LOOP_ANALYSIS = YES;
				CLANG_WARN_STRICT_PROTOTYPES = YES;
				CLANG_WARN_SUSPICIOUS_MOVE = YES;
				CLANG_WARN_UNGUARDED_AVAILABILITY = YES_AGGRESSIVE;
				CLANG_WARN_UNREACHABLE_CODE = YES;
				CLANG_WARN__DUPLICATE_METHOD_MATCH = YES;
				COPY_PHASE_STRIP = NO;
				DEBUG_INFORMATION_FORMAT = "dwarf-with-dsym";
				ENABLE_NS_ASSERTIONS = NO;
				ENABLE_STRICT_OBJC_MSGSEND = YES;
				GCC_C_LANGUAGE_STANDARD = gnu17;
				GCC_NO_COMMON_BLOCKS = YES;
				GCC_WARN_64_TO_32_BIT_CONVERSION = YES;
				GCC_WARN_ABOUT_RETURN_TYPE = YES_ERROR;
				GCC_WARN_UNDECLARED_SELECTOR = YES;
				GCC_WARN_UNINITIALIZED_AUTOS = YES_AGGRESSIVE;
				GCC_WARN_UNUSED_FUNCTION = YES;
				GCC_WARN_UNUSED_VARIABLE = YES;
				IPHONEOS_DEPLOYMENT_TARGET = 17.0;
				MTL_ENABLE_DEBUG_INFO = NO;
				MTL_FAST_MATH = YES;
				SDKROOT = iphoneos;
				SWIFT_COMPILATION_MODE = wholemodule;
				VALIDATE_PRODUCT = YES;
			};
			name = Release;
		};
		8A00002D2C9B410100000001 /* Debug */ = {
			isa = XCBuildConfiguration;
			buildSettings = {
				APP_DISPLAY_NAME = "Archetype Dev";
				APS_ENVIRONMENT = development;
				ASSETCATALOG_COMPILER_APPICON_NAME = AppIcon;
				CODE_SIGN_ENTITLEMENTS = Archetype/Archetype.entitlements;
				CODE_SIGN_STYLE = Automatic;
				CURRENT_PROJECT_VERSION = 5;
				DEVELOPMENT_TEAM = X84Q7QHUZJ;
				GENERATE_INFOPLIST_FILE = NO;
				GOOGLE_IOS_CLIENT_ID = "291299812498-b4pjfjce5uoiv4i9p5vpmt629o75qacj.apps.googleusercontent.com";
				GOOGLE_IOS_REVERSED_CLIENT_ID = "com.googleusercontent.apps.291299812498-b4pjfjce5uoiv4i9p5vpmt629o75qacj";
				INFOPLIST_FILE = Archetype/Info.plist;
				LD_RUNPATH_SEARCH_PATHS = (
					"$(inherited)",
					"@executable_path/Frameworks",
				);
				MARKETING_VERSION = 0.1.0;
				PRODUCT_BUNDLE_IDENTIFIER = com.morelsoft.drawtwo.dev;
				PRODUCT_NAME = "$(TARGET_NAME)";
				SUPPORTED_PLATFORMS = "iphoneos iphonesimulator";
				SUPPORTS_MACCATALYST = NO;
				SWIFT_EMIT_LOC_STRINGS = YES;
				SWIFT_VERSION = 5.0;
				TARGETED_DEVICE_FAMILY = 1;
			};
			name = Debug;
		};
		8A00002E2C9B410100000001 /* Release */ = {
			isa = XCBuildConfiguration;
			buildSettings = {
				APP_DISPLAY_NAME = Archetype;
				APS_ENVIRONMENT = production;
				ASSETCATALOG_COMPILER_APPICON_NAME = AppIcon;
				CODE_SIGN_ENTITLEMENTS = Archetype/Archetype.entitlements;
				CODE_SIGN_STYLE = Automatic;
				CURRENT_PROJECT_VERSION = 5;
				DEVELOPMENT_TEAM = X84Q7QHUZJ;
				GENERATE_INFOPLIST_FILE = NO;
				GOOGLE_IOS_CLIENT_ID = "291299812498-q4kg9bs8a9mivm6ne0cejohtt273c2a4.apps.googleusercontent.com";
				GOOGLE_IOS_REVERSED_CLIENT_ID = "com.googleusercontent.apps.291299812498-q4kg9bs8a9mivm6ne0cejohtt273c2a4";
				INFOPLIST_FILE = Archetype/Info.plist;
				LD_RUNPATH_SEARCH_PATHS = (
					"$(inherited)",
					"@executable_path/Frameworks",
				);
				MARKETING_VERSION = 1.0.4;
				PRODUCT_BUNDLE_IDENTIFIER = com.morelsoft.drawtwo;
				PRODUCT_NAME = "$(TARGET_NAME)";
				SUPPORTED_PLATFORMS = "iphoneos iphonesimulator";
				SUPPORTS_MACCATALYST = NO;
				SWIFT_EMIT_LOC_STRINGS = YES;
				SWIFT_VERSION = 5.0;
				TARGETED_DEVICE_FAMILY = 1;
			};
			name = Release;
		};
/* End XCBuildConfiguration section */

/* Begin XCConfigurationList section */
		8A0000262C9B410100000001 /* Build configuration list for PBXNativeTarget "Archetype" */ = {
			isa = XCConfigurationList;
			buildConfigurations = (
				8A00002D2C9B410100000001 /* Debug */,
				8A00002E2C9B410100000001 /* Release */,
			);
			defaultConfigurationIsVisible = 0;
			defaultConfigurationName = Release;
		};
		8A00002A2C9B410100000001 /* Build configuration list for PBXProject "Archetype" */ = {
			isa = XCConfigurationList;
			buildConfigurations = (
				8A00002B2C9B410100000001 /* Debug */,
				8A00002C2C9B410100000001 /* Release */,
			);
			defaultConfigurationIsVisible = 0;
			defaultConfigurationName = Release;
		};
/* End XCConfigurationList section */

/* Begin XCRemoteSwiftPackageReference section */
		67E57F472FE741E0006617B0 /* XCRemoteSwiftPackageReference "GoogleSignIn-iOS" */ = {
			isa = XCRemoteSwiftPackageReference;
			repositoryURL = "https://github.com/google/GoogleSignIn-iOS";
			requirement = {
				kind = upToNextMajorVersion;
				minimumVersion = 9.2.0;
			};
		};
/* End XCRemoteSwiftPackageReference section */

/* Begin XCSwiftPackageProductDependency section */
		67E57F482FE741E0006617B0 /* GoogleSignIn */ = {
			isa = XCSwiftPackageProductDependency;
			package = 67E57F472FE741E0006617B0 /* XCRemoteSwiftPackageReference "GoogleSignIn-iOS" */;
			productName = GoogleSignIn;
		};
/* End XCSwiftPackageProductDependency section */
	};
	rootObject = 8A0000292C9B410100000001 /* Project object */;
}
